
Microsoft Visual Studio Solution File, Format Version 12.00
# Visual Studio 15
VisualStudioVersion = 15.0.27004.2002
MinimumVisualStudioVersion = 10.0.40219.1
Project("{FAE04EC0-301F-11D3-BF4B-00C04F79EFBC}") = "Client", "Client\Client.csproj", "{45BF3AD7-E6CA-4632-8EC0-F4131985CE46}"
EndProject
Project("{FAE04EC0-301F-11D3-BF4B-00C04F79EFBC}") = "Message", "Message\Message.csproj", "{D7C75C6E-DC20-40D1-8137-F1D89E62B6FA}"
EndProject
Project("{FAE04EC0-301F-11D3-BF4B-00C04F79EFBC}") = "Networking", "Networking\Networking.csproj", "{66D9C67A-13FE-4E9D-8906-A9CF43FA91A4}"
EndProject
Project("{FAE04EC0-301F-11D3-BF4B-00C04F79EFBC}") = "Utilities", "Utilities\Utilities.csproj", "{1D14FC2E-B877-45AB-93FB-CCF01BEC7C42}"
EndProject
Project("{FAE04EC0-301F-11D3-BF4B-00C04F79EFBC}") = "Library", "Library\Library.csproj", "{1A7C36E3-C641-4E23-A627-8D066E647BAE}"
EndProject
Project("{FAE04EC0-301F-11D3-BF4B-00C04F79EFBC}") = "Server", "Server\Server.csproj", "{5A9309F8-07D0-49CD-AA78-882B4885F86D}"
EndProject
Project("{FAE04EC0-301F-11D3-BF4B-00C04F79EFBC}") = "Database", "Database\Database.csproj", "{73262D8B-E14E-4BB3-9C2C-40AB361E2C73}"
EndProject
Global
	GlobalSection(SolutionConfigurationPlatforms) = preSolution
		Debug|Any CPU = Debug|Any CPU
		Release|Any CPU = Release|Any CPU
	EndGlobalSection
	GlobalSection(ProjectConfigurationPlatforms) = postSolution
		{45BF3AD7-E6CA-4632-8EC0-F4131985CE46}.Debug|Any CPU.ActiveCfg = Debug|Any CPU
		{45BF3AD7-E6CA-4632-8EC0-F4131985CE46}.Debug|Any CPU.Build.0 = Debug|Any CPU
		{45BF3AD7-E6CA-4632-8EC0-F4131985CE46}.Release|Any CPU.ActiveCfg = Release|Any CPU
		{45BF3AD7-E6CA-4632-8EC0-F4131985CE46}.Release|Any CPU.Build.0 = Release|Any CPU
		{D7C75C6E-DC20-40D1-8137-F1D89E62B6FA}.Debug|Any CPU.ActiveCfg = Debug|Any CPU
		{D7C75C6E-DC20-40D1-8137-F1D89E62B6FA}.Debug|Any CPU.Build.0 = Debug|Any CPU
		{D7C75C6E-DC20-40D1-8137-F1D89E62B6FA}.Release|Any CPU.ActiveCfg = Release|Any CPU
		{D7C75C6E-DC20-40D1-8137-F1D89E62B6FA}.Release|Any CPU.Build.0 = Release|Any CPU
		{66D9C67A-13FE-4E9D-8906-A9CF43FA91A4}.Debug|Any CPU.ActiveCfg = Debug|Any CPU
		{66D9C67A-13FE-4E9D-8906-A9CF43FA91A4}.Debug|Any CPU.Build.0 = Debug|Any CPU
		{66D9C67A-13FE-4E9D-8906-A9CF43FA91A4}.Release|Any CPU.ActiveCfg = Release|Any CPU
		{66D9C67A-13FE-4E9D-8906-A9CF43FA91A4}.Release|Any CPU.Build.0 = Release|Any CPU
		{1D14FC2E-B877-45AB-93FB-CCF01BEC7C42}.Debug|Any CPU.ActiveCfg = Debug|Any CPU
		{1D14FC2E-B877-45AB-93FB-CCF01BEC7C42}.Debug|Any CPU.Build.0 = Debug|Any CPU
		{1D14FC2E-B877-45AB-93FB-CCF01BEC7C42}.Release|Any CPU.ActiveCfg = Release|Any CPU
		{1D14FC2E-B877-45AB-93FB-CCF01BEC7C42}.Release|Any CPU.Build.0 = Release|Any CPU
		{1A7C36E3-C641-4E23-A627-8D066E647BAE}.Debug|Any CPU.ActiveCfg = Debug|Any CPU
		{1A7C36E3-C641-4E23-A627-8D066E647BAE}.Debug|Any CPU.Build.0 = Debug|Any CPU
		{1A7C36E3-C641-4E23-A627-8D066E647BAE}.Release|Any CPU.ActiveCfg = Release|Any CPU
		{1A7C36E3-C641-4E23-A627-8D066E647BAE}.Release|Any CPU.Build.0 = Release|Any CPU
		{5A9309F8-07D0-49CD-AA78-882B4885F86D}.Debug|Any CPU.ActiveCfg = Debug|Any CPU
		{5A9309F8-07D0-49CD-AA78-882B4885F86D}.Debug|Any CPU.Build.0 = Debug|Any CPU
		{5A9309F8-07D0-49CD-AA78-882B4885F86D}.Release|Any CPU.ActiveCfg = Release|Any CPU
		{5A9309F8-07D0-49CD-AA78-882B4885F86D}.Release|Any CPU.Build.0 = Release|Any CPU
		{73262D8B-E14E-4BB3-9C2C-40AB361E2C73}.Debug|Any CPU.ActiveCfg = Debug|Any CPU
		{73262D8B-E14E-4BB3-9C2C-40AB361E2C73}.Debug|Any CPU.Build.0 = Debug|Any CPU
		{73262D8B-E14E-4BB3-9C2C-40AB361E2C73}.Release|Any CPU.ActiveCfg = Release|Any CPU
		{73262D8B-E14E-4BB3-9C2C-40AB361E2C73}.Release|Any CPU.Build.0 = Release|Any CPU
	EndGlobalSection
	GlobalSection(SolutionProperties) = preSolution
		HideSolutionNode = FALSE
	EndGlobalSection
	GlobalSection(ExtensibilityGlobals) = postSolution
		SolutionGuid = {12FF4BA8-7495-4519-8198-98BDDAE2BBD5}
	EndGlobalSection
EndGlobal
